
Microsoft Visual Studio Solution File, Format Version 12.00
# Visual Studio Version 17
VisualStudioVersion = 17.4.33122.133
MinimumVisualStudioVersion = 10.0.40219.1
Project("{FAE04EC0-301F-11D3-BF4B-00C04F79EFBC}") = "Utility", "Utility\Utility.csproj", "{BB8D064C-E230-4524-AE18-AA58C5C9470E}"
EndProject
Global
	GlobalSection(SolutionConfigurationPlatforms) = preSolution
		Debug|Any CPU = Debug|Any CPU
		Release|Any CPU = Release|Any CPU
	EndGlobalSection
	GlobalSection(ProjectConfigurationPlatforms) = postSolution
		{BB8D064C-E230-4524-AE18-AA58C5C9470E}.Debug|Any CPU.ActiveCfg = Debug|Any CPU
		{BB8D064C-E230-4524-AE18-AA58C5C9470E}.Debug|Any CPU.Build.0 = Debug|Any CPU
		{BB8D064C-E230-4524-AE18-AA58C5C9470E}.Release|Any CPU.ActiveCfg = Release|Any CPU
		{BB8D064C-E230-4524-AE18-AA58C5C9470E}.Release|Any CPU.Build.0 = Release|Any CPU
	EndGlobalSection
	GlobalSection(SolutionProperties) = preSolution
		HideSolutionNode = FALSE
	EndGlobalSection
	GlobalSection(ExtensibilityGlobals) = postSolution
		SolutionGuid = {F8ED1BCD-74A5-4F75-9936-7931E3C6E6A6}
	EndGlobalSection
EndGlobal
